
Microsoft Visual Studio Solution File, Format Version 12.00
# Visual Studio 15
VisualStudioVersion = 15.0.27703.2026
MinimumVisualStudioVersion = 10.0.40219.1
Project("{FAE04EC0-301F-11D3-BF4B-00C04F79EFBC}") = "aerolok", "aerolok\aerolok.csproj", "{A5E60371-8920-4208-88B2-0C95B149DF91}"
EndProject
Global
	GlobalSection(SolutionConfigurationPlatforms) = preSolution
		Debug|Any CPU = Debug|Any CPU
		Release|Any CPU = Release|Any CPU
	EndGlobalSection
	GlobalSection(ProjectConfigurationPlatforms) = postSolution
		{A5E60371-8920-4208-88B2-0C95B149DF91}.Debug|Any CPU.ActiveCfg = Debug|Any CPU
		{A5E60371-8920-4208-88B2-0C95B149DF91}.Debug|Any CPU.Build.0 = Debug|Any CPU
		{A5E60371-8920-4208-88B2-0C95B149DF91}.Release|Any CPU.ActiveCfg = Release|Any CPU
		{A5E60371-8920-4208-88B2-0C95B149DF91}.Release|Any CPU.Build.0 = Release|Any CPU
	EndGlobalSection
	GlobalSection(SolutionProperties) = preSolution
		HideSolutionNode = FALSE
	EndGlobalSection
	GlobalSection(ExtensibilityGlobals) = postSolution
		SolutionGuid = {AC35D6E2-F247-40B7-956E-761DB058D78B}
	EndGlobalSection
EndGlobal
